
Microsoft Visual Studio Solution File, Format Version 12.00
# Visual Studio Version 16
VisualStudioVersion = 16.0.29920.165
MinimumVisualStudioVersion = 10.0.40219.1
Project("{8BC9CEB8-8B4A-11D0-8D11-00A0C91BC942}") = "Lab 2.3", "Lab 2.3\Lab 2.3.vcxproj", "{335D05A1-101D-4E97-B7AF-1DD50785E6D3}"
EndProject
Project("{8BC9CEB8-8B4A-11D0-8D11-00A0C91BC942}") = "Lab 2.4", "Lab 2.4\Lab 2.4.vcxproj", "{D5FF11E1-8F65-4870-91AD-C8A6F54DC2B5}"
EndProject
Project("{8BC9CEB8-8B4A-11D0-8D11-00A0C91BC942}") = "Lab 3.1", "Lab 3.1\Lab 3.1.vcxproj", "{3D086BBD-E39D-4FB2-9D37-E97DC21DC6A3}"
EndProject
Project("{8BC9CEB8-8B4A-11D0-8D11-00A0C91BC942}") = "Lab 3.2", "Lab 3.2\Lab 3.2.vcxproj", "{E869614B-D9D0-4101-8705-FD867E55F3CE}"
EndProject
Project("{8BC9CEB8-8B4A-11D0-8D11-00A0C91BC942}") = "Lab 3.3", "Lab 3.3\Lab 3.3.vcxproj", "{24FECFAF-61D1-4A8B-9B0B-F83C83217FE7}"
EndProject
Project("{8BC9CEB8-8B4A-11D0-8D11-00A0C91BC942}") = "Lab 3.4", "Lab 3.4\Lab 3.4.vcxproj", "{865CCCBE-3493-4B37-8BAC-132A9805A280}"
EndProject
Project("{8BC9CEB8-8B4A-11D0-8D11-00A0C91BC942}") = "Lab 3.5", "Lab 3.5\Lab 3.5.vcxproj", "{79BE329B-AAAE-47B9-9968-E2EB9973E688}"
EndProject
Project("{8BC9CEB8-8B4A-11D0-8D11-00A0C91BC942}") = "Lab 4.1", "Lab 4.1\Lab 4.1.vcxproj", "{5CD9CCF4-67CE-4B49-B5DC-FAE05E9A380D}"
EndProject
Project("{8BC9CEB8-8B4A-11D0-8D11-00A0C91BC942}") = "Lab 4.2", "Lab 4.2\Lab 4.2.vcxproj", "{CBBE848A-C104-46FB-B39A-209DA8AF96CA}"
EndProject
Project("{8BC9CEB8-8B4A-11D0-8D11-00A0C91BC942}") = "Lab 4.3", "Lab 4.3\Lab 4.3.vcxproj", "{C6208012-07BE-4A90-B56F-A0FF2C29887D}"
EndProject
Project("{8BC9CEB8-8B4A-11D0-8D11-00A0C91BC942}") = "Lab 4.4", "Lab 4.4\Lab 4.4.vcxproj", "{4A2720DD-E69F-4D13-85AC-FDDBC6567A5C}"
EndProject
Project("{8BC9CEB8-8B4A-11D0-8D11-00A0C91BC942}") = "Lab 4.5", "Lab 4.5\Lab 4.5.vcxproj", "{1B17DDED-5CFF-4209-8E96-9A86C45132F0}"
EndProject
Project("{8BC9CEB8-8B4A-11D0-8D11-00A0C91BC942}") = "Lab 4.6", "Lab 4.6\Lab 4.6.vcxproj", "{3C0330D5-A72F-41FF-90CD-2F697D944B26}"
EndProject
Project("{8BC9CEB8-8B4A-11D0-8D11-00A0C91BC942}") = "Lab 4.7", "Lab 4.7\Lab 4.7.vcxproj", "{EEC725F4-85C2-43C8-B4D3-343F7A5D9332}"
EndProject
Project("{8BC9CEB8-8B4A-11D0-8D11-00A0C91BC942}") = "Lab 4.8", "Lab 4.8\Lab 4.8.vcxproj", "{56067374-2B62-4349-B4D6-4E52F985473E}"
EndProject
Project("{8BC9CEB8-8B4A-11D0-8D11-00A0C91BC942}") = "Lab 5.1", "Lab 5.1\Lab 5.1.vcxproj", "{51AB7D65-1F39-46B6-8544-695C19C50B8A}"
EndProject
Project("{8BC9CEB8-8B4A-11D0-8D11-00A0C91BC942}") = "Lab 5.2", "Lab 5.2\Lab 5.2.vcxproj", "{51C2DE3C-57FF-4B27-8C6E-94F92BFDE456}"
EndProject
Project("{8BC9CEB8-8B4A-11D0-8D11-00A0C91BC942}") = "Lab 5.3", "Lab 5.3\Lab 5.3.vcxproj", "{ED405C5D-233B-4437-8662-2B8CC05F64D3}"
EndProject
Project("{8BC9CEB8-8B4A-11D0-8D11-00A0C91BC942}") = "Lab 5.4", "Lab 5.4\Lab 5.4.vcxproj", "{24C9D4E0-4412-403A-B8EB-C69F6A1D4A64}"
EndProject
Project("{8BC9CEB8-8B4A-11D0-8D11-00A0C91BC942}") = "Lab 5.6", "Lab 5.6\Lab 5.6.vcxproj", "{AB7447BA-C662-41C3-B144-BA4C860136B4}"
EndProject
Project("{8BC9CEB8-8B4A-11D0-8D11-00A0C91BC942}") = "Lab 6.1", "Lab 6.1\Lab 6.1.vcxproj", "{1B821001-17DB-474D-A414-8A833E902CB1}"
EndProject
Project("{8BC9CEB8-8B4A-11D0-8D11-00A0C91BC942}") = "Lab 6.2", "Lab 6.2\Lab 6.2.vcxproj", "{8EADF79D-4838-4A8E-87A7-988828B1F3F8}"
EndProject
Project("{8BC9CEB8-8B4A-11D0-8D11-00A0C91BC942}") = "Lab 6.3", "Lab 6.3\Lab 6.3.vcxproj", "{87140194-56A6-4199-A8FB-AD203500D982}"
EndProject
Project("{8BC9CEB8-8B4A-11D0-8D11-00A0C91BC942}") = "Lab 6.4", "Lab 6.4\Lab 6.4.vcxproj", "{31B0BF0A-237C-4A24-895D-74D9697299CB}"
EndProject
Project("{8BC9CEB8-8B4A-11D0-8D11-00A0C91BC942}") = "Lab 7.2", "Lab 7.2\Lab 7.2.vcxproj", "{068E5D2C-BFFB-4267-A620-9F88A0E2BD5D}"
EndProject
Project("{8BC9CEB8-8B4A-11D0-8D11-00A0C91BC942}") = "Lab 7.3", "Lab 7.3\Lab 7.3.vcxproj", "{B744091D-DC1F-4505-A347-09D7539FA0E0}"
EndProject
Project("{8BC9CEB8-8B4A-11D0-8D11-00A0C91BC942}") = "Lab 7.4", "Lab 7.4\Lab 7.4.vcxproj", "{007DD626-61C8-4FEF-BE46-058CD5DFBF12}"
EndProject
Project("{8BC9CEB8-8B4A-11D0-8D11-00A0C91BC942}") = "Lab 7.5", "Lab 7.5\Lab 7.5.vcxproj", "{C3AF53FE-089F-4532-86C8-07AD58C77A0B}"
EndProject
Project("{8BC9CEB8-8B4A-11D0-8D11-00A0C91BC942}") = "Lab 7.6", "Lab 7.6\Lab 7.6.vcxproj", "{327E610A-E716-4349-95DB-9324018ED60E}"
EndProject
Project("{8BC9CEB8-8B4A-11D0-8D11-00A0C91BC942}") = "Lab 7.1", "Lab 7.1\Lab 7.1.vcxproj", "{A27B41B6-4141-4567-9455-7D2FE494921C}"
EndProject
Project("{8BC9CEB8-8B4A-11D0-8D11-00A0C91BC942}") = "Quiz1", "Quiz1\Quiz1.vcxproj", "{10BB8FC1-789A-4146-ADB6-6E668945F62A}"
EndProject
Project("{8BC9CEB8-8B4A-11D0-8D11-00A0C91BC942}") = "Quiz1-2", "Quiz1-2\Quiz1-2.vcxproj", "{56F0C483-A063-4343-85B7-E037344BB727}"
EndProject
Project("{8BC9CEB8-8B4A-11D0-8D11-00A0C91BC942}") = "Lab 8.1", "Lab 8.1\Lab 8.1.vcxproj", "{ABA43560-A542-42CD-9BC2-31032328CC4F}"
EndProject
Project("{8BC9CEB8-8B4A-11D0-8D11-00A0C91BC942}") = "Lab 8.2", "Lab 8.2\Lab 8.2.vcxproj", "{D35C0579-BA89-492B-8082-D19AB28B88CD}"
EndProject
Project("{8BC9CEB8-8B4A-11D0-8D11-00A0C91BC942}") = "Lab 8.3", "Lab 8.3\Lab 8.3.vcxproj", "{EB8D6BCE-8F75-4511-A419-EA861D621C8A}"
EndProject
Project("{8BC9CEB8-8B4A-11D0-8D11-00A0C91BC942}") = "Lab 8.4", "Lab 8.4\Lab 8.4.vcxproj", "{32A20B15-F0D4-4DA2-8A14-99E1254CA1CD}"
EndProject
Project("{8BC9CEB8-8B4A-11D0-8D11-00A0C91BC942}") = "Lab 8.5", "Lab 8.5\Lab 8.5.vcxproj", "{C37330D2-80B7-4171-AE61-AD3D44E61287}"
EndProject
Project("{8BC9CEB8-8B4A-11D0-8D11-00A0C91BC942}") = "Lab 9.1", "Lab 9.1\Lab 9.1.vcxproj", "{8540CA8F-3CFD-4E6F-B2EC-54537F68150C}"
EndProject
Project("{8BC9CEB8-8B4A-11D0-8D11-00A0C91BC942}") = "Lab 8.6", "Lab 8.6\Lab 8.6.vcxproj", "{B041BF2A-800C-4F38-A78C-CB70C4D5C82D}"
EndProject
Project("{8BC9CEB8-8B4A-11D0-8D11-00A0C91BC942}") = "Quiz2-1", "Quiz2-1\Quiz2-1.vcxproj", "{01E8CC89-4DDA-4CB0-9DC2-B0543DEDA281}"
EndProject
Project("{8BC9CEB8-8B4A-11D0-8D11-00A0C91BC942}") = "Quiz2-2", "Quiz2-2\Quiz2-2.vcxproj", "{A9DDB71E-D050-4B11-B52A-7795D63CAA16}"
EndProject
Project("{8BC9CEB8-8B4A-11D0-8D11-00A0C91BC942}") = "Quiz2-3", "Quiz2-3\Quiz2-3.vcxproj", "{2C5CD81E-3CEF-4B1D-8C80-54CDB93EE603}"
EndProject
Project("{8BC9CEB8-8B4A-11D0-8D11-00A0C91BC942}") = "Lab 9.2", "Lab 9.2\Lab 9.2.vcxproj", "{B0B3EDCF-DAC5-42EE-9953-B89985F04BAD}"
EndProject
Project("{8BC9CEB8-8B4A-11D0-8D11-00A0C91BC942}") = "Lab 9.3", "Lab 9.3\Lab 9.3.vcxproj", "{3DD227F0-84A6-46C0-82D1-20CCAB6443B2}"
EndProject
Project("{8BC9CEB8-8B4A-11D0-8D11-00A0C91BC942}") = "Lab 10.1", "Lab 10.1\Lab 10.1.vcxproj", "{4E233AE8-8FC8-4E0B-B0B7-F3FB07E4865F}"
EndProject
Project("{8BC9CEB8-8B4A-11D0-8D11-00A0C91BC942}") = "Lab 10.2", "Lab 10.2\Lab 10.2.vcxproj", "{E8567B31-5CAA-4F84-BF30-F360C0CFB330}"
EndProject
Project("{8BC9CEB8-8B4A-11D0-8D11-00A0C91BC942}") = "Lab 10.3", "Lab 10.3\Lab 10.3.vcxproj", "{E703EDAA-5308-49BE-A75B-14A6AAFDA7C2}"
EndProject
Project("{8BC9CEB8-8B4A-11D0-8D11-00A0C91BC942}") = "Lab 10.4", "Lab 10.4\Lab 10.4.vcxproj", "{96162067-3D53-4440-A344-08F9A98A0FC8}"
EndProject
Project("{8BC9CEB8-8B4A-11D0-8D11-00A0C91BC942}") = "Lab 11.1", "Lab 11.1\Lab 11.1.vcxproj", "{28839444-676E-4737-BFA9-149FDA305652}"
EndProject
Project("{8BC9CEB8-8B4A-11D0-8D11-00A0C91BC942}") = "Lab 10.3_string", "Lab 10.3_string\Lab 10.3_string.vcxproj", "{699A2EF0-575F-44A2-8A63-D0E2B3E97F4A}"
EndProject
Project("{8BC9CEB8-8B4A-11D0-8D11-00A0C91BC942}") = "Lab 10.3_string_answer", "Lab 10.3_string_answer\Lab 10.3_string_answer.vcxproj", "{D7E27C3F-6C1D-435E-A1D1-CEA389868FDE}"
EndProject
Project("{8BC9CEB8-8B4A-11D0-8D11-00A0C91BC942}") = "Lab 12.1", "Lab 12.1\Lab 12.1.vcxproj", "{D36FC04C-0ED5-42B2-A0DA-EBF126FE3C31}"
EndProject
Project("{8BC9CEB8-8B4A-11D0-8D11-00A0C91BC942}") = "Lab 12.2 test", "Lab 12.2 test\Lab 12.2 test.vcxproj", "{D979291F-FA2A-4326-9CDE-36EC8CFDB420}"
EndProject
Project("{8BC9CEB8-8B4A-11D0-8D11-00A0C91BC942}") = "Lab 12.2", "Lab 12.2\Lab 12.2.vcxproj", "{7C9E971F-7CF0-4A7D-9283-43EA132E001C}"
EndProject
Project("{8BC9CEB8-8B4A-11D0-8D11-00A0C91BC942}") = "final_exam1", "final_exam1\final_exam1.vcxproj", "{2DE209EE-DBF1-45EB-8A97-2D3FAF8B8F0F}"
EndProject
Global
	GlobalSection(SolutionConfigurationPlatforms) = preSolution
		Debug|x64 = Debug|x64
		Debug|x86 = Debug|x86
		Release|x64 = Release|x64
		Release|x86 = Release|x86
	EndGlobalSection
	GlobalSection(ProjectConfigurationPlatforms) = postSolution
		{335D05A1-101D-4E97-B7AF-1DD50785E6D3}.Debug|x64.ActiveCfg = Debug|x64
		{335D05A1-101D-4E97-B7AF-1DD50785E6D3}.Debug|x64.Build.0 = Debug|x64
		{335D05A1-101D-4E97-B7AF-1DD50785E6D3}.Debug|x86.ActiveCfg = Debug|Win32
		{335D05A1-101D-4E97-B7AF-1DD50785E6D3}.Debug|x86.Build.0 = Debug|Win32
		{335D05A1-101D-4E97-B7AF-1DD50785E6D3}.Release|x64.ActiveCfg = Release|x64
		{335D05A1-101D-4E97-B7AF-1DD50785E6D3}.Release|x64.Build.0 = Release|x64
		{335D05A1-101D-4E97-B7AF-1DD50785E6D3}.Release|x86.ActiveCfg = Release|Win32
		{335D05A1-101D-4E97-B7AF-1DD50785E6D3}.Release|x86.Build.0 = Release|Win32
		{D5FF11E1-8F65-4870-91AD-C8A6F54DC2B5}.Debug|x64.ActiveCfg = Debug|x64
		{D5FF11E1-8F65-4870-91AD-C8A6F54DC2B5}.Debug|x64.Build.0 = Debug|x64
		{D5FF11E1-8F65-4870-91AD-C8A6F54DC2B5}.Debug|x86.ActiveCfg = Debug|Win32
		{D5FF11E1-8F65-4870-91AD-C8A6F54DC2B5}.Debug|x86.Build.0 = Debug|Win32
		{D5FF11E1-8F65-4870-91AD-C8A6F54DC2B5}.Release|x64.ActiveCfg = Release|x64
		{D5FF11E1-8F65-4870-91AD-C8A6F54DC2B5}.Release|x64.Build.0 = Release|x64
		{D5FF11E1-8F65-4870-91AD-C8A6F54DC2B5}.Release|x86.ActiveCfg = Release|Win32
		{D5FF11E1-8F65-4870-91AD-C8A6F54DC2B5}.Release|x86.Build.0 = Release|Win32
		{3D086BBD-E39D-4FB2-9D37-E97DC21DC6A3}.Debug|x64.ActiveCfg = Debug|x64
		{3D086BBD-E39D-4FB2-9D37-E97DC21DC6A3}.Debug|x64.Build.0 = Debug|x64
		{3D086BBD-E39D-4FB2-9D37-E97DC21DC6A3}.Debug|x86.ActiveCfg = Debug|Win32
		{3D086BBD-E39D-4FB2-9D37-E97DC21DC6A3}.Debug|x86.Build.0 = Debug|Win32
		{3D086BBD-E39D-4FB2-9D37-E97DC21DC6A3}.Release|x64.ActiveCfg = Release|x64
		{3D086BBD-E39D-4FB2-9D37-E97DC21DC6A3}.Release|x64.Build.0 = Release|x64
		{3D086BBD-E39D-4FB2-9D37-E97DC21DC6A3}.Release|x86.ActiveCfg = Release|Win32
		{3D086BBD-E39D-4FB2-9D37-E97DC21DC6A3}.Release|x86.Build.0 = Release|Win32
		{E869614B-D9D0-4101-8705-FD867E55F3CE}.Debug|x64.ActiveCfg = Debug|x64
		{E869614B-D9D0-4101-8705-FD867E55F3CE}.Debug|x64.Build.0 = Debug|x64
		{E869614B-D9D0-4101-8705-FD867E55F3CE}.Debug|x86.ActiveCfg = Debug|Win32
		{E869614B-D9D0-4101-8705-FD867E55F3CE}.Debug|x86.Build.0 = Debug|Win32
		{E869614B-D9D0-4101-8705-FD867E55F3CE}.Release|x64.ActiveCfg = Release|x64
		{E869614B-D9D0-4101-8705-FD867E55F3CE}.Release|x64.Build.0 = Release|x64
		{E869614B-D9D0-4101-8705-FD867E55F3CE}.Release|x86.ActiveCfg = Release|Win32
		{E869614B-D9D0-4101-8705-FD867E55F3CE}.Release|x86.Build.0 = Release|Win32
		{24FECFAF-61D1-4A8B-9B0B-F83C83217FE7}.Debug|x64.ActiveCfg = Debug|x64
		{24FECFAF-61D1-4A8B-9B0B-F83C83217FE7}.Debug|x64.Build.0 = Debug|x64
		{24FECFAF-61D1-4A8B-9B0B-F83C83217FE7}.Debug|x86.ActiveCfg = Debug|Win32
		{24FECFAF-61D1-4A8B-9B0B-F83C83217FE7}.Debug|x86.Build.0 = Debug|Win32
		{24FECFAF-61D1-4A8B-9B0B-F83C83217FE7}.Release|x64.ActiveCfg = Release|x64
		{24FECFAF-61D1-4A8B-9B0B-F83C83217FE7}.Release|x64.Build.0 = Release|x64
		{24FECFAF-61D1-4A8B-9B0B-F83C83217FE7}.Release|x86.ActiveCfg = Release|Win32
		{24FECFAF-61D1-4A8B-9B0B-F83C83217FE7}.Release|x86.Build.0 = Release|Win32
		{865CCCBE-3493-4B37-8BAC-132A9805A280}.Debug|x64.ActiveCfg = Debug|x64
		{865CCCBE-3493-4B37-8BAC-132A9805A280}.Debug|x64.Build.0 = Debug|x64
		{865CCCBE-3493-4B37-8BAC-132A9805A280}.Debug|x86.ActiveCfg = Debug|Win32
		{865CCCBE-3493-4B37-8BAC-132A9805A280}.Debug|x86.Build.0 = Debug|Win32
		{865CCCBE-3493-4B37-8BAC-132A9805A280}.Release|x64.ActiveCfg = Release|x64
		{865CCCBE-3493-4B37-8BAC-132A9805A280}.Release|x64.Build.0 = Release|x64
		{865CCCBE-3493-4B37-8BAC-132A9805A280}.Release|x86.ActiveCfg = Release|Win32
		{865CCCBE-3493-4B37-8BAC-132A9805A280}.Release|x86.Build.0 = Release|Win32
		{79BE329B-AAAE-47B9-9968-E2EB9973E688}.Debug|x64.ActiveCfg = Debug|x64
		{79BE329B-AAAE-47B9-9968-E2EB9973E688}.Debug|x64.Build.0 = Debug|x64
		{79BE329B-AAAE-47B9-9968-E2EB9973E688}.Debug|x86.ActiveCfg = Debug|Win32
		{79BE329B-AAAE-47B9-9968-E2EB9973E688}.Debug|x86.Build.0 = Debug|Win32
		{79BE329B-AAAE-47B9-9968-E2EB9973E688}.Release|x64.ActiveCfg = Release|x64
		{79BE329B-AAAE-47B9-9968-E2EB9973E688}.Release|x64.Build.0 = Release|x64
		{79BE329B-AAAE-47B9-9968-E2EB9973E688}.Release|x86.ActiveCfg = Release|Win32
		{79BE329B-AAAE-47B9-9968-E2EB9973E688}.Release|x86.Build.0 = Release|Win32
		{5CD9CCF4-67CE-4B49-B5DC-FAE05E9A380D}.Debug|x64.ActiveCfg = Debug|x64
		{5CD9CCF4-67CE-4B49-B5DC-FAE05E9A380D}.Debug|x64.Build.0 = Debug|x64
		{5CD9CCF4-67CE-4B49-B5DC-FAE05E9A380D}.Debug|x86.ActiveCfg = Debug|Win32
		{5CD9CCF4-67CE-4B49-B5DC-FAE05E9A380D}.Debug|x86.Build.0 = Debug|Win32
		{5CD9CCF4-67CE-4B49-B5DC-FAE05E9A380D}.Release|x64.ActiveCfg = Release|x64
		{5CD9CCF4-67CE-4B49-B5DC-FAE05E9A380D}.Release|x64.Build.0 = Release|x64
		{5CD9CCF4-67CE-4B49-B5DC-FAE05E9A380D}.Release|x86.ActiveCfg = Release|Win32
		{5CD9CCF4-67CE-4B49-B5DC-FAE05E9A380D}.Release|x86.Build.0 = Release|Win32
		{CBBE848A-C104-46FB-B39A-209DA8AF96CA}.Debug|x64.ActiveCfg = Debug|x64
		{CBBE848A-C104-46FB-B39A-209DA8AF96CA}.Debug|x64.Build.0 = Debug|x64
		{CBBE848A-C104-46FB-B39A-209DA8AF96CA}.Debug|x86.ActiveCfg = Debug|Win32
		{CBBE848A-C104-46FB-B39A-209DA8AF96CA}.Debug|x86.Build.0 = Debug|Win32
		{CBBE848A-C104-46FB-B39A-209DA8AF96CA}.Release|x64.ActiveCfg = Release|x64
		{CBBE848A-C104-46FB-B39A-209DA8AF96CA}.Release|x64.Build.0 = Release|x64
		{CBBE848A-C104-46FB-B39A-209DA8AF96CA}.Release|x86.ActiveCfg = Release|Win32
		{CBBE848A-C104-46FB-B39A-209DA8AF96CA}.Release|x86.Build.0 = Release|Win32
		{C6208012-07BE-4A90-B56F-A0FF2C29887D}.Debug|x64.ActiveCfg = Debug|x64
		{C6208012-07BE-4A90-B56F-A0FF2C29887D}.Debug|x64.Build.0 = Debug|x64
		{C6208012-07BE-4A90-B56F-A0FF2C29887D}.Debug|x86.ActiveCfg = Debug|Win32
		{C6208012-07BE-4A90-B56F-A0FF2C29887D}.Debug|x86.Build.0 = Debug|Win32
		{C6208012-07BE-4A90-B56F-A0FF2C29887D}.Release|x64.ActiveCfg = Release|x64
		{C6208012-07BE-4A90-B56F-A0FF2C29887D}.Release|x64.Build.0 = Release|x64
		{C6208012-07BE-4A90-B56F-A0FF2C29887D}.Release|x86.ActiveCfg = Release|Win32
		{C6208012-07BE-4A90-B56F-A0FF2C29887D}.Release|x86.Build.0 = Release|Win32
		{4A2720DD-E69F-4D13-85AC-FDDBC6567A5C}.Debug|x64.ActiveCfg = Debug|x64
		{4A2720DD-E69F-4D13-85AC-FDDBC6567A5C}.Debug|x64.Build.0 = Debug|x64
		{4A2720DD-E69F-4D13-85AC-FDDBC6567A5C}.Debug|x86.ActiveCfg = Debug|Win32
		{4A2720DD-E69F-4D13-85AC-FDDBC6567A5C}.Debug|x86.Build.0 = Debug|Win32
		{4A2720DD-E69F-4D13-85AC-FDDBC6567A5C}.Release|x64.ActiveCfg = Release|x64
		{4A2720DD-E69F-4D13-85AC-FDDBC6567A5C}.Release|x64.Build.0 = Release|x64
		{4A2720DD-E69F-4D13-85AC-FDDBC6567A5C}.Release|x86.ActiveCfg = Release|Win32
		{4A2720DD-E69F-4D13-85AC-FDDBC6567A5C}.Release|x86.Build.0 = Release|Win32
		{1B17DDED-5CFF-4209-8E96-9A86C45132F0}.Debug|x64.ActiveCfg = Debug|x64
		{1B17DDED-5CFF-4209-8E96-9A86C45132F0}.Debug|x64.Build.0 = Debug|x64
		{1B17DDED-5CFF-4209-8E96-9A86C45132F0}.Debug|x86.ActiveCfg = Debug|Win32
		{1B17DDED-5CFF-4209-8E96-9A86C45132F0}.Debug|x86.Build.0 = Debug|Win32
		{1B17DDED-5CFF-4209-8E96-9A86C45132F0}.Release|x64.ActiveCfg = Release|x64
		{1B17DDED-5CFF-4209-8E96-9A86C45132F0}.Release|x64.Build.0 = Release|x64
		{1B17DDED-5CFF-4209-8E96-9A86C45132F0}.Release|x86.ActiveCfg = Release|Win32
		{1B17DDED-5CFF-4209-8E96-9A86C45132F0}.Release|x86.Build.0 = Release|Win32
		{3C0330D5-A72F-41FF-90CD-2F697D944B26}.Debug|x64.ActiveCfg = Debug|x64
		{3C0330D5-A72F-41FF-90CD-2F697D944B26}.Debug|x64.Build.0 = Debug|x64
		{3C0330D5-A72F-41FF-90CD-2F697D944B26}.Debug|x86.ActiveCfg = Debug|Win32
		{3C0330D5-A72F-41FF-90CD-2F697D944B26}.Debug|x86.Build.0 = Debug|Win32
		{3C0330D5-A72F-41FF-90CD-2F697D944B26}.Release|x64.ActiveCfg = Release|x64
		{3C0330D5-A72F-41FF-90CD-2F697D944B26}.Release|x64.Build.0 = Release|x64
		{3C0330D5-A72F-41FF-90CD-2F697D944B26}.Release|x86.ActiveCfg = Release|Win32
		{3C0330D5-A72F-41FF-90CD-2F697D944B26}.Release|x86.Build.0 = Release|Win32
		{EEC725F4-85C2-43C8-B4D3-343F7A5D9332}.Debug|x64.ActiveCfg = Debug|x64
		{EEC725F4-85C2-43C8-B4D3-343F7A5D9332}.Debug|x64.Build.0 = Debug|x64
		{EEC725F4-85C2-43C8-B4D3-343F7A5D9332}.Debug|x86.ActiveCfg = Debug|Win32
		{EEC725F4-85C2-43C8-B4D3-343F7A5D9332}.Debug|x86.Build.0 = Debug|Win32
		{EEC725F4-85C2-43C8-B4D3-343F7A5D9332}.Release|x64.ActiveCfg = Release|x64
		{EEC725F4-85C2-43C8-B4D3-343F7A5D9332}.Release|x64.Build.0 = Release|x64
		{EEC725F4-85C2-43C8-B4D3-343F7A5D9332}.Release|x86.ActiveCfg = Release|Win32
		{EEC725F4-85C2-43C8-B4D3-343F7A5D9332}.Release|x86.Build.0 = Release|Win32
		{56067374-2B62-4349-B4D6-4E52F985473E}.Debug|x64.ActiveCfg = Debug|x64
		{56067374-2B62-4349-B4D6-4E52F985473E}.Debug|x64.Build.0 = Debug|x64
		{56067374-2B62-4349-B4D6-4E52F985473E}.Debug|x86.ActiveCfg = Debug|Win32
		{56067374-2B62-4349-B4D6-4E52F985473E}.Debug|x86.Build.0 = Debug|Win32
		{56067374-2B62-4349-B4D6-4E52F985473E}.Release|x64.ActiveCfg = Release|x64
		{56067374-2B62-4349-B4D6-4E52F985473E}.Release|x64.Build.0 = Release|x64
		{56067374-2B62-4349-B4D6-4E52F985473E}.Release|x86.ActiveCfg = Release|Win32
		{56067374-2B62-4349-B4D6-4E52F985473E}.Release|x86.Build.0 = Release|Win32
		{51AB7D65-1F39-46B6-8544-695C19C50B8A}.Debug|x64.ActiveCfg = Debug|x64
		{51AB7D65-1F39-46B6-8544-695C19C50B8A}.Debug|x64.Build.0 = Debug|x64
		{51AB7D65-1F39-46B6-8544-695C19C50B8A}.Debug|x86.ActiveCfg = Debug|Win32
		{51AB7D65-1F39-46B6-8544-695C19C50B8A}.Debug|x86.Build.0 = Debug|Win32
		{51AB7D65-1F39-46B6-8544-695C19C50B8A}.Release|x64.ActiveCfg = Release|x64
		{51AB7D65-1F39-46B6-8544-695C19C50B8A}.Release|x64.Build.0 = Release|x64
		{51AB7D65-1F39-46B6-8544-695C19C50B8A}.Release|x86.ActiveCfg = Release|Win32
		{51AB7D65-1F39-46B6-8544-695C19C50B8A}.Release|x86.Build.0 = Release|Win32
		{51C2DE3C-57FF-4B27-8C6E-94F92BFDE456}.Debug|x64.ActiveCfg = Debug|x64
		{51C2DE3C-57FF-4B27-8C6E-94F92BFDE456}.Debug|x64.Build.0 = Debug|x64
		{51C2DE3C-57FF-4B27-8C6E-94F92BFDE456}.Debug|x86.ActiveCfg = Debug|Win32
		{51C2DE3C-57FF-4B27-8C6E-94F92BFDE456}.Debug|x86.Build.0 = Debug|Win32
		{51C2DE3C-57FF-4B27-8C6E-94F92BFDE456}.Release|x64.ActiveCfg = Release|x64
		{51C2DE3C-57FF-4B27-8C6E-94F92BFDE456}.Release|x64.Build.0 = Release|x64
		{51C2DE3C-57FF-4B27-8C6E-94F92BFDE456}.Release|x86.ActiveCfg = Release|Win32
		{51C2DE3C-57FF-4B27-8C6E-94F92BFDE456}.Release|x86.Build.0 = Release|Win32
		{ED405C5D-233B-4437-8662-2B8CC05F64D3}.Debug|x64.ActiveCfg = Debug|x64
		{ED405C5D-233B-4437-8662-2B8CC05F64D3}.Debug|x64.Build.0 = Debug|x64
		{ED405C5D-233B-4437-8662-2B8CC05F64D3}.Debug|x86.ActiveCfg = Debug|Win32
		{ED405C5D-233B-4437-8662-2B8CC05F64D3}.Debug|x86.Build.0 = Debug|Win32
		{ED405C5D-233B-4437-8662-2B8CC05F64D3}.Release|x64.ActiveCfg = Release|x64
		{ED405C5D-233B-4437-8662-2B8CC05F64D3}.Release|x64.Build.0 = Release|x64
		{ED405C5D-233B-4437-8662-2B8CC05F64D3}.Release|x86.ActiveCfg = Release|Win32
		{ED405C5D-233B-4437-8662-2B8CC05F64D3}.Release|x86.Build.0 = Release|Win32
		{24C9D4E0-4412-403A-B8EB-C69F6A1D4A64}.Debug|x64.ActiveCfg = Debug|x64
		{24C9D4E0-4412-403A-B8EB-C69F6A1D4A64}.Debug|x64.Build.0 = Debug|x64
		{24C9D4E0-4412-403A-B8EB-C69F6A1D4A64}.Debug|x86.ActiveCfg = Debug|Win32
		{24C9D4E0-4412-403A-B8EB-C69F6A1D4A64}.Debug|x86.Build.0 = Debug|Win32
		{24C9D4E0-4412-403A-B8EB-C69F6A1D4A64}.Release|x64.ActiveCfg = Release|x64
		{24C9D4E0-4412-403A-B8EB-C69F6A1D4A64}.Release|x64.Build.0 = Release|x64
		{24C9D4E0-4412-403A-B8EB-C69F6A1D4A64}.Release|x86.ActiveCfg = Release|Win32
		{24C9D4E0-4412-403A-B8EB-C69F6A1D4A64}.Release|x86.Build.0 = Release|Win32
		{AB7447BA-C662-41C3-B144-BA4C860136B4}.Debug|x64.ActiveCfg = Debug|x64
		{AB7447BA-C662-41C3-B144-BA4C860136B4}.Debug|x64.Build.0 = Debug|x64
		{AB7447BA-C662-41C3-B144-BA4C860136B4}.Debug|x86.ActiveCfg = Debug|Win32
		{AB7447BA-C662-41C3-B144-BA4C860136B4}.Debug|x86.Build.0 = Debug|Win32
		{AB7447BA-C662-41C3-B144-BA4C860136B4}.Release|x64.ActiveCfg = Release|x64
		{AB7447BA-C662-41C3-B144-BA4C860136B4}.Release|x64.Build.0 = Release|x64
		{AB7447BA-C662-41C3-B144-BA4C860136B4}.Release|x86.ActiveCfg = Release|Win32
		{AB7447BA-C662-41C3-B144-BA4C860136B4}.Release|x86.Build.0 = Release|Win32
		{1B821001-17DB-474D-A414-8A833E902CB1}.Debug|x64.ActiveCfg = Debug|x64
		{1B821001-17DB-474D-A414-8A833E902CB1}.Debug|x64.Build.0 = Debug|x64
		{1B821001-17DB-474D-A414-8A833E902CB1}.Debug|x86.ActiveCfg = Debug|Win32
		{1B821001-17DB-474D-A414-8A833E902CB1}.Debug|x86.Build.0 = Debug|Win32
		{1B821001-17DB-474D-A414-8A833E902CB1}.Release|x64.ActiveCfg = Release|x64
		{1B821001-17DB-474D-A414-8A833E902CB1}.Release|x64.Build.0 = Release|x64
		{1B821001-17DB-474D-A414-8A833E902CB1}.Release|x86.ActiveCfg = Release|Win32
		{1B821001-17DB-474D-A414-8A833E902CB1}.Release|x86.Build.0 = Release|Win32
		{8EADF79D-4838-4A8E-87A7-988828B1F3F8}.Debug|x64.ActiveCfg = Debug|x64
		{8EADF79D-4838-4A8E-87A7-988828B1F3F8}.Debug|x64.Build.0 = Debug|x64
		{8EADF79D-4838-4A8E-87A7-988828B1F3F8}.Debug|x86.ActiveCfg = Debug|Win32
		{8EADF79D-4838-4A8E-87A7-988828B1F3F8}.Debug|x86.Build.0 = Debug|Win32
		{8EADF79D-4838-4A8E-87A7-988828B1F3F8}.Release|x64.ActiveCfg = Release|x64
		{8EADF79D-4838-4A8E-87A7-988828B1F3F8}.Release|x64.Build.0 = Release|x64
		{8EADF79D-4838-4A8E-87A7-988828B1F3F8}.Release|x86.ActiveCfg = Release|Win32
		{8EADF79D-4838-4A8E-87A7-988828B1F3F8}.Release|x86.Build.0 = Release|Win32
		{87140194-56A6-4199-A8FB-AD203500D982}.Debug|x64.ActiveCfg = Debug|x64
		{87140194-56A6-4199-A8FB-AD203500D982}.Debug|x64.Build.0 = Debug|x64
		{87140194-56A6-4199-A8FB-AD203500D982}.Debug|x86.ActiveCfg = Debug|Win32
		{87140194-56A6-4199-A8FB-AD203500D982}.Debug|x86.Build.0 = Debug|Win32
		{87140194-56A6-4199-A8FB-AD203500D982}.Release|x64.ActiveCfg = Release|x64
		{87140194-56A6-4199-A8FB-AD203500D982}.Release|x64.Build.0 = Release|x64
		{87140194-56A6-4199-A8FB-AD203500D982}.Release|x86.ActiveCfg = Release|Win32
		{87140194-56A6-4199-A8FB-AD203500D982}.Release|x86.Build.0 = Release|Win32
		{31B0BF0A-237C-4A24-895D-74D9697299CB}.Debug|x64.ActiveCfg = Debug|x64
		{31B0BF0A-237C-4A24-895D-74D9697299CB}.Debug|x64.Build.0 = Debug|x64
		{31B0BF0A-237C-4A24-895D-74D9697299CB}.Debug|x86.ActiveCfg = Debug|Win32
		{31B0BF0A-237C-4A24-895D-74D9697299CB}.Debug|x86.Build.0 = Debug|Win32
		{31B0BF0A-237C-4A24-895D-74D9697299CB}.Release|x64.ActiveCfg = Release|x64
		{31B0BF0A-237C-4A24-895D-74D9697299CB}.Release|x64.Build.0 = Release|x64
		{31B0BF0A-237C-4A24-895D-74D9697299CB}.Release|x86.ActiveCfg = Release|Win32
		{31B0BF0A-237C-4A24-895D-74D9697299CB}.Release|x86.Build.0 = Release|Win32
		{068E5D2C-BFFB-4267-A620-9F88A0E2BD5D}.Debug|x64.ActiveCfg = Debug|x64
		{068E5D2C-BFFB-4267-A620-9F88A0E2BD5D}.Debug|x64.Build.0 = Debug|x64
		{068E5D2C-BFFB-4267-A620-9F88A0E2BD5D}.Debug|x86.ActiveCfg = Debug|Win32
		{068E5D2C-BFFB-4267-A620-9F88A0E2BD5D}.Debug|x86.Build.0 = Debug|Win32
		{068E5D2C-BFFB-4267-A620-9F88A0E2BD5D}.Release|x64.ActiveCfg = Release|x64
		{068E5D2C-BFFB-4267-A620-9F88A0E2BD5D}.Release|x64.Build.0 = Release|x64
		{068E5D2C-BFFB-4267-A620-9F88A0E2BD5D}.Release|x86.ActiveCfg = Release|Win32
		{068E5D2C-BFFB-4267-A620-9F88A0E2BD5D}.Release|x86.Build.0 = Release|Win32
		{B744091D-DC1F-4505-A347-09D7539FA0E0}.Debug|x64.ActiveCfg = Debug|x64
		{B744091D-DC1F-4505-A347-09D7539FA0E0}.Debug|x64.Build.0 = Debug|x64
		{B744091D-DC1F-4505-A347-09D7539FA0E0}.Debug|x86.ActiveCfg = Debug|Win32
		{B744091D-DC1F-4505-A347-09D7539FA0E0}.Debug|x86.Build.0 = Debug|Win32
		{B744091D-DC1F-4505-A347-09D7539FA0E0}.Release|x64.ActiveCfg = Release|x64
		{B744091D-DC1F-4505-A347-09D7539FA0E0}.Release|x64.Build.0 = Release|x64
		{B744091D-DC1F-4505-A347-09D7539FA0E0}.Release|x86.ActiveCfg = Release|Win32
		{B744091D-DC1F-4505-A347-09D7539FA0E0}.Release|x86.Build.0 = Release|Win32
		{007DD626-61C8-4FEF-BE46-058CD5DFBF12}.Debug|x64.ActiveCfg = Debug|x64
		{007DD626-61C8-4FEF-BE46-058CD5DFBF12}.Debug|x64.Build.0 = Debug|x64
		{007DD626-61C8-4FEF-BE46-058CD5DFBF12}.Debug|x86.ActiveCfg = Debug|Win32
		{007DD626-61C8-4FEF-BE46-058CD5DFBF12}.Debug|x86.Build.0 = Debug|Win32
		{007DD626-61C8-4FEF-BE46-058CD5DFBF12}.Release|x64.ActiveCfg = Release|x64
		{007DD626-61C8-4FEF-BE46-058CD5DFBF12}.Release|x64.Build.0 = Release|x64
		{007DD626-61C8-4FEF-BE46-058CD5DFBF12}.Release|x86.ActiveCfg = Release|Win32
		{007DD626-61C8-4FEF-BE46-058CD5DFBF12}.Release|x86.Build.0 = Release|Win32
		{C3AF53FE-089F-4532-86C8-07AD58C77A0B}.Debug|x64.ActiveCfg = Debug|x64
		{C3AF53FE-089F-4532-86C8-07AD58C77A0B}.Debug|x64.Build.0 = Debug|x64
		{C3AF53FE-089F-4532-86C8-07AD58C77A0B}.Debug|x86.ActiveCfg = Debug|Win32
		{C3AF53FE-089F-4532-86C8-07AD58C77A0B}.Debug|x86.Build.0 = Debug|Win32
		{C3AF53FE-089F-4532-86C8-07AD58C77A0B}.Release|x64.ActiveCfg = Release|x64
		{C3AF53FE-089F-4532-86C8-07AD58C77A0B}.Release|x64.Build.0 = Release|x64
		{C3AF53FE-089F-4532-86C8-07AD58C77A0B}.Release|x86.ActiveCfg = Release|Win32
		{C3AF53FE-089F-4532-86C8-07AD58C77A0B}.Release|x86.Build.0 = Release|Win32
		{327E610A-E716-4349-95DB-9324018ED60E}.Debug|x64.ActiveCfg = Debug|x64
		{327E610A-E716-4349-95DB-9324018ED60E}.Debug|x64.Build.0 = Debug|x64
		{327E610A-E716-4349-95DB-9324018ED60E}.Debug|x86.ActiveCfg = Debug|Win32
		{327E610A-E716-4349-95DB-9324018ED60E}.Debug|x86.Build.0 = Debug|Win32
		{327E610A-E716-4349-95DB-9324018ED60E}.Release|x64.ActiveCfg = Release|x64
		{327E610A-E716-4349-95DB-9324018ED60E}.Release|x64.Build.0 = Release|x64
		{327E610A-E716-4349-95DB-9324018ED60E}.Release|x86.ActiveCfg = Release|Win32
		{327E610A-E716-4349-95DB-9324018ED60E}.Release|x86.Build.0 = Release|Win32
		{A27B41B6-4141-4567-9455-7D2FE494921C}.Debug|x64.ActiveCfg = Debug|x64
		{A27B41B6-4141-4567-9455-7D2FE494921C}.Debug|x64.Build.0 = Debug|x64
		{A27B41B6-4141-4567-9455-7D2FE494921C}.Debug|x86.ActiveCfg = Debug|Win32
		{A27B41B6-4141-4567-9455-7D2FE494921C}.Debug|x86.Build.0 = Debug|Win32
		{A27B41B6-4141-4567-9455-7D2FE494921C}.Release|x64.ActiveCfg = Release|x64
		{A27B41B6-4141-4567-9455-7D2FE494921C}.Release|x64.Build.0 = Release|x64
		{A27B41B6-4141-4567-9455-7D2FE494921C}.Release|x86.ActiveCfg = Release|Win32
		{A27B41B6-4141-4567-9455-7D2FE494921C}.Release|x86.Build.0 = Release|Win32
		{10BB8FC1-789A-4146-ADB6-6E668945F62A}.Debug|x64.ActiveCfg = Debug|x64
		{10BB8FC1-789A-4146-ADB6-6E668945F62A}.Debug|x64.Build.0 = Debug|x64
		{10BB8FC1-789A-4146-ADB6-6E668945F62A}.Debug|x86.ActiveCfg = Debug|Win32
		{10BB8FC1-789A-4146-ADB6-6E668945F62A}.Debug|x86.Build.0 = Debug|Win32
		{10BB8FC1-789A-4146-ADB6-6E668945F62A}.Release|x64.ActiveCfg = Release|x64
		{10BB8FC1-789A-4146-ADB6-6E668945F62A}.Release|x64.Build.0 = Release|x64
		{10BB8FC1-789A-4146-ADB6-6E668945F62A}.Release|x86.ActiveCfg = Release|Win32
		{10BB8FC1-789A-4146-ADB6-6E668945F62A}.Release|x86.Build.0 = Release|Win32
		{56F0C483-A063-4343-85B7-E037344BB727}.Debug|x64.ActiveCfg = Debug|x64
		{56F0C483-A063-4343-85B7-E037344BB727}.Debug|x64.Build.0 = Debug|x64
		{56F0C483-A063-4343-85B7-E037344BB727}.Debug|x86.ActiveCfg = Debug|Win32
		{56F0C483-A063-4343-85B7-E037344BB727}.Debug|x86.Build.0 = Debug|Win32
		{56F0C483-A063-4343-85B7-E037344BB727}.Release|x64.ActiveCfg = Release|x64
		{56F0C483-A063-4343-85B7-E037344BB727}.Release|x64.Build.0 = Release|x64
		{56F0C483-A063-4343-85B7-E037344BB727}.Release|x86.ActiveCfg = Release|Win32
		{56F0C483-A063-4343-85B7-E037344BB727}.Release|x86.Build.0 = Release|Win32
		{ABA43560-A542-42CD-9BC2-31032328CC4F}.Debug|x64.ActiveCfg = Debug|x64
		{ABA43560-A542-42CD-9BC2-31032328CC4F}.Debug|x64.Build.0 = Debug|x64
		{ABA43560-A542-42CD-9BC2-31032328CC4F}.Debug|x86.ActiveCfg = Debug|Win32
		{ABA43560-A542-42CD-9BC2-31032328CC4F}.Debug|x86.Build.0 = Debug|Win32
		{ABA43560-A542-42CD-9BC2-31032328CC4F}.Release|x64.ActiveCfg = Release|x64
		{ABA43560-A542-42CD-9BC2-31032328CC4F}.Release|x64.Build.0 = Release|x64
		{ABA43560-A542-42CD-9BC2-31032328CC4F}.Release|x86.ActiveCfg = Release|Win32
		{ABA43560-A542-42CD-9BC2-31032328CC4F}.Release|x86.Build.0 = Release|Win32
		{D35C0579-BA89-492B-8082-D19AB28B88CD}.Debug|x64.ActiveCfg = Debug|x64
		{D35C0579-BA89-492B-8082-D19AB28B88CD}.Debug|x64.Build.0 = Debug|x64
		{D35C0579-BA89-492B-8082-D19AB28B88CD}.Debug|x86.ActiveCfg = Debug|Win32
		{D35C0579-BA89-492B-8082-D19AB28B88CD}.Debug|x86.Build.0 = Debug|Win32
		{D35C0579-BA89-492B-8082-D19AB28B88CD}.Release|x64.ActiveCfg = Release|x64
		{D35C0579-BA89-492B-8082-D19AB28B88CD}.Release|x64.Build.0 = Release|x64
		{D35C0579-BA89-492B-8082-D19AB28B88CD}.Release|x86.ActiveCfg = Release|Win32
		{D35C0579-BA89-492B-8082-D19AB28B88CD}.Release|x86.Build.0 = Release|Win32
		{EB8D6BCE-8F75-4511-A419-EA861D621C8A}.Debug|x64.ActiveCfg = Debug|x64
		{EB8D6BCE-8F75-4511-A419-EA861D621C8A}.Debug|x64.Build.0 = Debug|x64
		{EB8D6BCE-8F75-4511-A419-EA861D621C8A}.Debug|x86.ActiveCfg = Debug|Win32
		{EB8D6BCE-8F75-4511-A419-EA861D621C8A}.Debug|x86.Build.0 = Debug|Win32
		{EB8D6BCE-8F75-4511-A419-EA861D621C8A}.Release|x64.ActiveCfg = Release|x64
		{EB8D6BCE-8F75-4511-A419-EA861D621C8A}.Release|x64.Build.0 = Release|x64
		{EB8D6BCE-8F75-4511-A419-EA861D621C8A}.Release|x86.ActiveCfg = Release|Win32
		{EB8D6BCE-8F75-4511-A419-EA861D621C8A}.Release|x86.Build.0 = Release|Win32
		{32A20B15-F0D4-4DA2-8A14-99E1254CA1CD}.Debug|x64.ActiveCfg = Debug|x64
		{32A20B15-F0D4-4DA2-8A14-99E1254CA1CD}.Debug|x64.Build.0 = Debug|x64
		{32A20B15-F0D4-4DA2-8A14-99E1254CA1CD}.Debug|x86.ActiveCfg = Debug|Win32
		{32A20B15-F0D4-4DA2-8A14-99E1254CA1CD}.Debug|x86.Build.0 = Debug|Win32
		{32A20B15-F0D4-4DA2-8A14-99E1254CA1CD}.Release|x64.ActiveCfg = Release|x64
		{32A20B15-F0D4-4DA2-8A14-99E1254CA1CD}.Release|x64.Build.0 = Release|x64
		{32A20B15-F0D4-4DA2-8A14-99E1254CA1CD}.Release|x86.ActiveCfg = Release|Win32
		{32A20B15-F0D4-4DA2-8A14-99E1254CA1CD}.Release|x86.Build.0 = Release|Win32
		{C37330D2-80B7-4171-AE61-AD3D44E61287}.Debug|x64.ActiveCfg = Debug|x64
		{C37330D2-80B7-4171-AE61-AD3D44E61287}.Debug|x64.Build.0 = Debug|x64
		{C37330D2-80B7-4171-AE61-AD3D44E61287}.Debug|x86.ActiveCfg = Debug|Win32
		{C37330D2-80B7-4171-AE61-AD3D44E61287}.Debug|x86.Build.0 = Debug|Win32
		{C37330D2-80B7-4171-AE61-AD3D44E61287}.Release|x64.ActiveCfg = Release|x64
		{C37330D2-80B7-4171-AE61-AD3D44E61287}.Release|x64.Build.0 = Release|x64
		{C37330D2-80B7-4171-AE61-AD3D44E61287}.Release|x86.ActiveCfg = Release|Win32
		{C37330D2-80B7-4171-AE61-AD3D44E61287}.Release|x86.Build.0 = Release|Win32
		{8540CA8F-3CFD-4E6F-B2EC-54537F68150C}.Debug|x64.ActiveCfg = Debug|x64
		{8540CA8F-3CFD-4E6F-B2EC-54537F68150C}.Debug|x64.Build.0 = Debug|x64
		{8540CA8F-3CFD-4E6F-B2EC-54537F68150C}.Debug|x86.ActiveCfg = Debug|Win32
		{8540CA8F-3CFD-4E6F-B2EC-54537F68150C}.Debug|x86.Build.0 = Debug|Win32
		{8540CA8F-3CFD-4E6F-B2EC-54537F68150C}.Release|x64.ActiveCfg = Release|x64
		{8540CA8F-3CFD-4E6F-B2EC-54537F68150C}.Release|x64.Build.0 = Release|x64
		{8540CA8F-3CFD-4E6F-B2EC-54537F68150C}.Release|x86.ActiveCfg = Release|Win32
		{8540CA8F-3CFD-4E6F-B2EC-54537F68150C}.Release|x86.Build.0 = Release|Win32
		{B041BF2A-800C-4F38-A78C-CB70C4D5C82D}.Debug|x64.ActiveCfg = Debug|x64
		{B041BF2A-800C-4F38-A78C-CB70C4D5C82D}.Debug|x64.Build.0 = Debug|x64
		{B041BF2A-800C-4F38-A78C-CB70C4D5C82D}.Debug|x86.ActiveCfg = Debug|Win32
		{B041BF2A-800C-4F38-A78C-CB70C4D5C82D}.Debug|x86.Build.0 = Debug|Win32
		{B041BF2A-800C-4F38-A78C-CB70C4D5C82D}.Release|x64.ActiveCfg = Release|x64
		{B041BF2A-800C-4F38-A78C-CB70C4D5C82D}.Release|x64.Build.0 = Release|x64
		{B041BF2A-800C-4F38-A78C-CB70C4D5C82D}.Release|x86.ActiveCfg = Release|Win32
		{B041BF2A-800C-4F38-A78C-CB70C4D5C82D}.Release|x86.Build.0 = Release|Win32
		{01E8CC89-4DDA-4CB0-9DC2-B0543DEDA281}.Debug|x64.ActiveCfg = Debug|x64
		{01E8CC89-4DDA-4CB0-9DC2-B0543DEDA281}.Debug|x64.Build.0 = Debug|x64
		{01E8CC89-4DDA-4CB0-9DC2-B0543DEDA281}.Debug|x86.ActiveCfg = Debug|Win32
		{01E8CC89-4DDA-4CB0-9DC2-B0543DEDA281}.Debug|x86.Build.0 = Debug|Win32
		{01E8CC89-4DDA-4CB0-9DC2-B0543DEDA281}.Release|x64.ActiveCfg = Release|x64
		{01E8CC89-4DDA-4CB0-9DC2-B0543DEDA281}.Release|x64.Build.0 = Release|x64
		{01E8CC89-4DDA-4CB0-9DC2-B0543DEDA281}.Release|x86.ActiveCfg = Release|Win32
		{01E8CC89-4DDA-4CB0-9DC2-B0543DEDA281}.Release|x86.Build.0 = Release|Win32
		{A9DDB71E-D050-4B11-B52A-7795D63CAA16}.Debug|x64.ActiveCfg = Debug|x64
		{A9DDB71E-D050-4B11-B52A-7795D63CAA16}.Debug|x64.Build.0 = Debug|x64
		{A9DDB71E-D050-4B11-B52A-7795D63CAA16}.Debug|x86.ActiveCfg = Debug|Win32
		{A9DDB71E-D050-4B11-B52A-7795D63CAA16}.Debug|x86.Build.0 = Debug|Win32
		{A9DDB71E-D050-4B11-B52A-7795D63CAA16}.Release|x64.ActiveCfg = Release|x64
		{A9DDB71E-D050-4B11-B52A-7795D63CAA16}.Release|x64.Build.0 = Release|x64
		{A9DDB71E-D050-4B11-B52A-7795D63CAA16}.Release|x86.ActiveCfg = Release|Win32
		{A9DDB71E-D050-4B11-B52A-7795D63CAA16}.Release|x86.Build.0 = Release|Win32
		{2C5CD81E-3CEF-4B1D-8C80-54CDB93EE603}.Debug|x64.ActiveCfg = Debug|x64
		{2C5CD81E-3CEF-4B1D-8C80-54CDB93EE603}.Debug|x64.Build.0 = Debug|x64
		{2C5CD81E-3CEF-4B1D-8C80-54CDB93EE603}.Debug|x86.ActiveCfg = Debug|Win32
		{2C5CD81E-3CEF-4B1D-8C80-54CDB93EE603}.Debug|x86.Build.0 = Debug|Win32
		{2C5CD81E-3CEF-4B1D-8C80-54CDB93EE603}.Release|x64.ActiveCfg = Release|x64
		{2C5CD81E-3CEF-4B1D-8C80-54CDB93EE603}.Release|x64.Build.0 = Release|x64
		{2C5CD81E-3CEF-4B1D-8C80-54CDB93EE603}.Release|x86.ActiveCfg = Release|Win32
		{2C5CD81E-3CEF-4B1D-8C80-54CDB93EE603}.Release|x86.Build.0 = Release|Win32
		{B0B3EDCF-DAC5-42EE-9953-B89985F04BAD}.Debug|x64.ActiveCfg = Debug|x64
		{B0B3EDCF-DAC5-42EE-9953-B89985F04BAD}.Debug|x64.Build.0 = Debug|x64
		{B0B3EDCF-DAC5-42EE-9953-B89985F04BAD}.Debug|x86.ActiveCfg = Debug|Win32
		{B0B3EDCF-DAC5-42EE-9953-B89985F04BAD}.Debug|x86.Build.0 = Debug|Win32
		{B0B3EDCF-DAC5-42EE-9953-B89985F04BAD}.Release|x64.ActiveCfg = Release|x64
		{B0B3EDCF-DAC5-42EE-9953-B89985F04BAD}.Release|x64.Build.0 = Release|x64
		{B0B3EDCF-DAC5-42EE-9953-B89985F04BAD}.Release|x86.ActiveCfg = Release|Win32
		{B0B3EDCF-DAC5-42EE-9953-B89985F04BAD}.Release|x86.Build.0 = Release|Win32
		{3DD227F0-84A6-46C0-82D1-20CCAB6443B2}.Debug|x64.ActiveCfg = Debug|x64
		{3DD227F0-84A6-46C0-82D1-20CCAB6443B2}.Debug|x64.Build.0 = Debug|x64
		{3DD227F0-84A6-46C0-82D1-20CCAB6443B2}.Debug|x86.ActiveCfg = Debug|Win32
		{3DD227F0-84A6-46C0-82D1-20CCAB6443B2}.Debug|x86.Build.0 = Debug|Win32
		{3DD227F0-84A6-46C0-82D1-20CCAB6443B2}.Release|x64.ActiveCfg = Release|x64
		{3DD227F0-84A6-46C0-82D1-20CCAB6443B2}.Release|x64.Build.0 = Release|x64
		{3DD227F0-84A6-46C0-82D1-20CCAB6443B2}.Release|x86.ActiveCfg = Release|Win32
		{3DD227F0-84A6-46C0-82D1-20CCAB6443B2}.Release|x86.Build.0 = Release|Win32
		{4E233AE8-8FC8-4E0B-B0B7-F3FB07E4865F}.Debug|x64.ActiveCfg = Debug|x64
		{4E233AE8-8FC8-4E0B-B0B7-F3FB07E4865F}.Debug|x64.Build.0 = Debug|x64
		{4E233AE8-8FC8-4E0B-B0B7-F3FB07E4865F}.Debug|x86.ActiveCfg = Debug|Win32
		{4E233AE8-8FC8-4E0B-B0B7-F3FB07E4865F}.Debug|x86.Build.0 = Debug|Win32
		{4E233AE8-8FC8-4E0B-B0B7-F3FB07E4865F}.Release|x64.ActiveCfg = Release|x64
		{4E233AE8-8FC8-4E0B-B0B7-F3FB07E4865F}.Release|x64.Build.0 = Release|x64
		{4E233AE8-8FC8-4E0B-B0B7-F3FB07E4865F}.Release|x86.ActiveCfg = Release|Win32
		{4E233AE8-8FC8-4E0B-B0B7-F3FB07E4865F}.Release|x86.Build.0 = Release|Win32
		{E8567B31-5CAA-4F84-BF30-F360C0CFB330}.Debug|x64.ActiveCfg = Debug|x64
		{E8567B31-5CAA-4F84-BF30-F360C0CFB330}.Debug|x64.Build.0 = Debug|x64
		{E8567B31-5CAA-4F84-BF30-F360C0CFB330}.Debug|x86.ActiveCfg = Debug|Win32
		{E8567B31-5CAA-4F84-BF30-F360C0CFB330}.Debug|x86.Build.0 = Debug|Win32
		{E8567B31-5CAA-4F84-BF30-F360C0CFB330}.Release|x64.ActiveCfg = Release|x64
		{E8567B31-5CAA-4F84-BF30-F360C0CFB330}.Release|x64.Build.0 = Release|x64
		{E8567B31-5CAA-4F84-BF30-F360C0CFB330}.Release|x86.ActiveCfg = Release|Win32
		{E8567B31-5CAA-4F84-BF30-F360C0CFB330}.Release|x86.Build.0 = Release|Win32
		{E703EDAA-5308-49BE-A75B-14A6AAFDA7C2}.Debug|x64.ActiveCfg = Debug|x64
		{E703EDAA-5308-49BE-A75B-14A6AAFDA7C2}.Debug|x64.Build.0 = Debug|x64
		{E703EDAA-5308-49BE-A75B-14A6AAFDA7C2}.Debug|x86.ActiveCfg = Debug|Win32
		{E703EDAA-5308-49BE-A75B-14A6AAFDA7C2}.Debug|x86.Build.0 = Debug|Win32
		{E703EDAA-5308-49BE-A75B-14A6AAFDA7C2}.Release|x64.ActiveCfg = Release|x64
		{E703EDAA-5308-49BE-A75B-14A6AAFDA7C2}.Release|x64.Build.0 = Release|x64
		{E703EDAA-5308-49BE-A75B-14A6AAFDA7C2}.Release|x86.ActiveCfg = Release|Win32
		{E703EDAA-5308-49BE-A75B-14A6AAFDA7C2}.Release|x86.Build.0 = Release|Win32
		{96162067-3D53-4440-A344-08F9A98A0FC8}.Debug|x64.ActiveCfg = Debug|x64
		{96162067-3D53-4440-A344-08F9A98A0FC8}.Debug|x64.Build.0 = Debug|x64
		{96162067-3D53-4440-A344-08F9A98A0FC8}.Debug|x86.ActiveCfg = Debug|Win32
		{96162067-3D53-4440-A344-08F9A98A0FC8}.Debug|x86.Build.0 = Debug|Win32
		{96162067-3D53-4440-A344-08F9A98A0FC8}.Release|x64.ActiveCfg = Release|x64
		{96162067-3D53-4440-A344-08F9A98A0FC8}.Release|x64.Build.0 = Release|x64
		{96162067-3D53-4440-A344-08F9A98A0FC8}.Release|x86.ActiveCfg = Release|Win32
		{96162067-3D53-4440-A344-08F9A98A0FC8}.Release|x86.Build.0 = Release|Win32
		{28839444-676E-4737-BFA9-149FDA305652}.Debug|x64.ActiveCfg = Debug|x64
		{28839444-676E-4737-BFA9-149FDA305652}.Debug|x64.Build.0 = Debug|x64
		{28839444-676E-4737-BFA9-149FDA305652}.Debug|x86.ActiveCfg = Debug|Win32
		{28839444-676E-4737-BFA9-149FDA305652}.Debug|x86.Build.0 = Debug|Win32
		{28839444-676E-4737-BFA9-149FDA305652}.Release|x64.ActiveCfg = Release|x64
		{28839444-676E-4737-BFA9-149FDA305652}.Release|x64.Build.0 = Release|x64
		{28839444-676E-4737-BFA9-149FDA305652}.Release|x86.ActiveCfg = Release|Win32
		{28839444-676E-4737-BFA9-149FDA305652}.Release|x86.Build.0 = Release|Win32
		{699A2EF0-575F-44A2-8A63-D0E2B3E97F4A}.Debug|x64.ActiveCfg = Debug|x64
		{699A2EF0-575F-44A2-8A63-D0E2B3E97F4A}.Debug|x64.Build.0 = Debug|x64
		{699A2EF0-575F-44A2-8A63-D0E2B3E97F4A}.Debug|x86.ActiveCfg = Debug|Win32
		{699A2EF0-575F-44A2-8A63-D0E2B3E97F4A}.Debug|x86.Build.0 = Debug|Win32
		{699A2EF0-575F-44A2-8A63-D0E2B3E97F4A}.Release|x64.ActiveCfg = Release|x64
		{699A2EF0-575F-44A2-8A63-D0E2B3E97F4A}.Release|x64.Build.0 = Release|x64
		{699A2EF0-575F-44A2-8A63-D0E2B3E97F4A}.Release|x86.ActiveCfg = Release|Win32
		{699A2EF0-575F-44A2-8A63-D0E2B3E97F4A}.Release|x86.Build.0 = Release|Win32
		{D7E27C3F-6C1D-435E-A1D1-CEA389868FDE}.Debug|x64.ActiveCfg = Debug|x64
		{D7E27C3F-6C1D-435E-A1D1-CEA389868FDE}.Debug|x64.Build.0 = Debug|x64
		{D7E27C3F-6C1D-435E-A1D1-CEA389868FDE}.Debug|x86.ActiveCfg = Debug|Win32
		{D7E27C3F-6C1D-435E-A1D1-CEA389868FDE}.Debug|x86.Build.0 = Debug|Win32
		{D7E27C3F-6C1D-435E-A1D1-CEA389868FDE}.Release|x64.ActiveCfg = Release|x64
		{D7E27C3F-6C1D-435E-A1D1-CEA389868FDE}.Release|x64.Build.0 = Release|x64
		{D7E27C3F-6C1D-435E-A1D1-CEA389868FDE}.Release|x86.ActiveCfg = Release|Win32
		{D7E27C3F-6C1D-435E-A1D1-CEA389868FDE}.Release|x86.Build.0 = Release|Win32
		{D36FC04C-0ED5-42B2-A0DA-EBF126FE3C31}.Debug|x64.ActiveCfg = Debug|x64
		{D36FC04C-0ED5-42B2-A0DA-EBF126FE3C31}.Debug|x64.Build.0 = Debug|x64
		{D36FC04C-0ED5-42B2-A0DA-EBF126FE3C31}.Debug|x86.ActiveCfg = Debug|Win32
		{D36FC04C-0ED5-42B2-A0DA-EBF126FE3C31}.Debug|x86.Build.0 = Debug|Win32
		{D36FC04C-0ED5-42B2-A0DA-EBF126FE3C31}.Release|x64.ActiveCfg = Release|x64
		{D36FC04C-0ED5-42B2-A0DA-EBF126FE3C31}.Release|x64.Build.0 = Release|x64
		{D36FC04C-0ED5-42B2-A0DA-EBF126FE3C31}.Release|x86.ActiveCfg = Release|Win32
		{D36FC04C-0ED5-42B2-A0DA-EBF126FE3C31}.Release|x86.Build.0 = Release|Win32
		{D979291F-FA2A-4326-9CDE-36EC8CFDB420}.Debug|x64.ActiveCfg = Debug|x64
		{D979291F-FA2A-4326-9CDE-36EC8CFDB420}.Debug|x64.Build.0 = Debug|x64
		{D979291F-FA2A-4326-9CDE-36EC8CFDB420}.Debug|x86.ActiveCfg = Debug|Win32
		{D979291F-FA2A-4326-9CDE-36EC8CFDB420}.Debug|x86.Build.0 = Debug|Win32
		{D979291F-FA2A-4326-9CDE-36EC8CFDB420}.Release|x64.ActiveCfg = Release|x64
		{D979291F-FA2A-4326-9CDE-36EC8CFDB420}.Release|x64.Build.0 = Release|x64
		{D979291F-FA2A-4326-9CDE-36EC8CFDB420}.Release|x86.ActiveCfg = Release|Win32
		{D979291F-FA2A-4326-9CDE-36EC8CFDB420}.Release|x86.Build.0 = Release|Win32
		{7C9E971F-7CF0-4A7D-9283-43EA132E001C}.Debug|x64.ActiveCfg = Debug|x64
		{7C9E971F-7CF0-4A7D-9283-43EA132E001C}.Debug|x64.Build.0 = Debug|x64
		{7C9E971F-7CF0-4A7D-9283-43EA132E001C}.Debug|x86.ActiveCfg = Debug|Win32
		{7C9E971F-7CF0-4A7D-9283-43EA132E001C}.Debug|x86.Build.0 = Debug|Win32
		{7C9E971F-7CF0-4A7D-9283-43EA132E001C}.Release|x64.ActiveCfg = Release|x64
		{7C9E971F-7CF0-4A7D-9283-43EA132E001C}.Release|x64.Build.0 = Release|x64
		{7C9E971F-7CF0-4A7D-9283-43EA132E001C}.Release|x86.ActiveCfg = Release|Win32
		{7C9E971F-7CF0-4A7D-9283-43EA132E001C}.Release|x86.Build.0 = Release|Win32
		{2DE209EE-DBF1-45EB-8A97-2D3FAF8B8F0F}.Debug|x64.ActiveCfg = Debug|x64
		{2DE209EE-DBF1-45EB-8A97-2D3FAF8B8F0F}.Debug|x64.Build.0 = Debug|x64
		{2DE209EE-DBF1-45EB-8A97-2D3FAF8B8F0F}.Debug|x86.ActiveCfg = Debug|Win32
		{2DE209EE-DBF1-45EB-8A97-2D3FAF8B8F0F}.Debug|x86.Build.0 = Debug|Win32
		{2DE209EE-DBF1-45EB-8A97-2D3FAF8B8F0F}.Release|x64.ActiveCfg = Release|x64
		{2DE209EE-DBF1-45EB-8A97-2D3FAF8B8F0F}.Release|x64.Build.0 = Release|x64
		{2DE209EE-DBF1-45EB-8A97-2D3FAF8B8F0F}.Release|x86.ActiveCfg = Release|Win32
		{2DE209EE-DBF1-45EB-8A97-2D3FAF8B8F0F}.Release|x86.Build.0 = Release|Win32
	EndGlobalSection
	GlobalSection(SolutionProperties) = preSolution
		HideSolutionNode = FALSE
	EndGlobalSection
	GlobalSection(ExtensibilityGlobals) = postSolution
		SolutionGuid = {307AA090-2D22-4615-9BF9-48C6D1F0A32B}
	EndGlobalSection
EndGlobal
